
Microsoft Visual Studio Solution File, Format Version 12.00
# Visual Studio Version 17
VisualStudioVersion = 17.4.33213.308
MinimumVisualStudioVersion = 10.0.40219.1
Project("{FAE04EC0-301F-11D3-BF4B-00C04F79EFBC}") = "NUnitDemonstration", "NUnitDemonstration\NUnitDemonstration.csproj", "{C033E04E-1D7B-4363-90FE-25AFE4EFE4B4}"
EndProject
Project("{FAE04EC0-301F-11D3-BF4B-00C04F79EFBC}") = "Testclass", "Testclass\Testclass.csproj", "{33449D69-A5AF-4FED-8EFC-48B9CF5E6FB5}"
EndProject
Global
	GlobalSection(SolutionConfigurationPlatforms) = preSolution
		Debug|Any CPU = Debug|Any CPU
		Release|Any CPU = Release|Any CPU
	EndGlobalSection
	GlobalSection(ProjectConfigurationPlatforms) = postSolution
		{C033E04E-1D7B-4363-90FE-25AFE4EFE4B4}.Debug|Any CPU.ActiveCfg = Debug|Any CPU
		{C033E04E-1D7B-4363-90FE-25AFE4EFE4B4}.Debug|Any CPU.Build.0 = Debug|Any CPU
		{C033E04E-1D7B-4363-90FE-25AFE4EFE4B4}.Release|Any CPU.ActiveCfg = Release|Any CPU
		{33449D69-A5AF-4FED-8EFC-48B9CF5E6FB5}.Debug|Any CPU.ActiveCfg = Debug|Any CPU
		{33449D69-A5AF-4FED-8EFC-48B9CF5E6FB5}.Debug|Any CPU.Build.0 = Debug|Any CPU
		{33449D69-A5AF-4FED-8EFC-48B9CF5E6FB5}.Release|Any CPU.ActiveCfg = Release|Any CPU
	EndGlobalSection
	GlobalSection(SolutionProperties) = preSolution
		HideSolutionNode = FALSE
	EndGlobalSection
	GlobalSection(ExtensibilityGlobals) = postSolution
		SolutionGuid = {FB109B58-E9B6-4689-8740-3D31251145E3}
	EndGlobalSection
EndGlobal
